
Microsoft Visual Studio Solution File, Format Version 12.00
# Visual Studio Version 16
VisualStudioVersion = 16.0.32228.343
MinimumVisualStudioVersion = 10.0.40219.1
Project("{FAE04EC0-301F-11D3-BF4B-00C04F79EFBC}") = "WeatherApp.Android", "WeatherApp\WeatherApp.Android\WeatherApp.Android.csproj", "{DC816D29-9CEF-4E03-A488-6C781FE0AB15}"
EndProject
Project("{FAE04EC0-301F-11D3-BF4B-00C04F79EFBC}") = "WeatherApp.iOS", "WeatherApp\WeatherApp.iOS\WeatherApp.iOS.csproj", "{379250B8-AFCE-4AEE-B95B-E666540DB3B5}"
EndProject
Project("{FAE04EC0-301F-11D3-BF4B-00C04F79EFBC}") = "WeatherApp", "WeatherApp\WeatherApp\WeatherApp.csproj", "{2270CC7E-8AFB-4992-8CB5-8245E957B55A}"
EndProject
Global
	GlobalSection(SolutionConfigurationPlatforms) = preSolution
		Debug|Any CPU = Debug|Any CPU
		Debug|iPhone = Debug|iPhone
		Debug|iPhoneSimulator = Debug|iPhoneSimulator
		Release|Any CPU = Release|Any CPU
		Release|iPhone = Release|iPhone
		Release|iPhoneSimulator = Release|iPhoneSimulator
	EndGlobalSection
	GlobalSection(ProjectConfigurationPlatforms) = postSolution
		{DC816D29-9CEF-4E03-A488-6C781FE0AB15}.Debug|Any CPU.ActiveCfg = Debug|Any CPU
		{DC816D29-9CEF-4E03-A488-6C781FE0AB15}.Debug|Any CPU.Build.0 = Debug|Any CPU
		{DC816D29-9CEF-4E03-A488-6C781FE0AB15}.Debug|Any CPU.Deploy.0 = Debug|Any CPU
		{DC816D29-9CEF-4E03-A488-6C781FE0AB15}.Debug|iPhone.ActiveCfg = Debug|Any CPU
		{DC816D29-9CEF-4E03-A488-6C781FE0AB15}.Debug|iPhone.Build.0 = Debug|Any CPU
		{DC816D29-9CEF-4E03-A488-6C781FE0AB15}.Debug|iPhone.Deploy.0 = Debug|Any CPU
		{DC816D29-9CEF-4E03-A488-6C781FE0AB15}.Debug|iPhoneSimulator.ActiveCfg = Debug|Any CPU
		{DC816D29-9CEF-4E03-A488-6C781FE0AB15}.Debug|iPhoneSimulator.Build.0 = Debug|Any CPU
		{DC816D29-9CEF-4E03-A488-6C781FE0AB15}.Debug|iPhoneSimulator.Deploy.0 = Debug|Any CPU
		{DC816D29-9CEF-4E03-A488-6C781FE0AB15}.Release|Any CPU.ActiveCfg = Release|Any CPU
		{DC816D29-9CEF-4E03-A488-6C781FE0AB15}.Release|Any CPU.Build.0 = Release|Any CPU
		{DC816D29-9CEF-4E03-A488-6C781FE0AB15}.Release|Any CPU.Deploy.0 = Release|Any CPU
		{DC816D29-9CEF-4E03-A488-6C781FE0AB15}.Release|iPhone.ActiveCfg = Release|Any CPU
		{DC816D29-9CEF-4E03-A488-6C781FE0AB15}.Release|iPhone.Build.0 = Release|Any CPU
		{DC816D29-9CEF-4E03-A488-6C781FE0AB15}.Release|iPhone.Deploy.0 = Release|Any CPU
		{DC816D29-9CEF-4E03-A488-6C781FE0AB15}.Release|iPhoneSimulator.ActiveCfg = Release|Any CPU
		{DC816D29-9CEF-4E03-A488-6C781FE0AB15}.Release|iPhoneSimulator.Build.0 = Release|Any CPU
		{DC816D29-9CEF-4E03-A488-6C781FE0AB15}.Release|iPhoneSimulator.Deploy.0 = Release|Any CPU
		{379250B8-AFCE-4AEE-B95B-E666540DB3B5}.Debug|Any CPU.ActiveCfg = Debug|iPhone
		{379250B8-AFCE-4AEE-B95B-E666540DB3B5}.Debug|Any CPU.Build.0 = Debug|iPhone
		{379250B8-AFCE-4AEE-B95B-E666540DB3B5}.Debug|Any CPU.Deploy.0 = Debug|iPhone
		{379250B8-AFCE-4AEE-B95B-E666540DB3B5}.Debug|iPhone.ActiveCfg = Debug|iPhone
		{379250B8-AFCE-4AEE-B95B-E666540DB3B5}.Debug|iPhone.Build.0 = Debug|iPhone
		{379250B8-AFCE-4AEE-B95B-E666540DB3B5}.Debug|iPhone.Deploy.0 = Debug|iPhone
		{379250B8-AFCE-4AEE-B95B-E666540DB3B5}.Debug|iPhoneSimulator.ActiveCfg = Debug|iPhoneSimulator
		{379250B8-AFCE-4AEE-B95B-E666540DB3B5}.Debug|iPhoneSimulator.Build.0 = Debug|iPhoneSimulator
		{379250B8-AFCE-4AEE-B95B-E666540DB3B5}.Debug|iPhoneSimulator.Deploy.0 = Debug|iPhoneSimulator
		{379250B8-AFCE-4AEE-B95B-E666540DB3B5}.Release|Any CPU.ActiveCfg = Release|iPhoneSimulator
		{379250B8-AFCE-4AEE-B95B-E666540DB3B5}.Release|Any CPU.Build.0 = Release|iPhoneSimulator
		{379250B8-AFCE-4AEE-B95B-E666540DB3B5}.Release|Any CPU.Deploy.0 = Release|iPhoneSimulator
		{379250B8-AFCE-4AEE-B95B-E666540DB3B5}.Release|iPhone.ActiveCfg = Release|iPhone
		{379250B8-AFCE-4AEE-B95B-E666540DB3B5}.Release|iPhone.Build.0 = Release|iPhone
		{379250B8-AFCE-4AEE-B95B-E666540DB3B5}.Release|iPhone.Deploy.0 = Release|iPhone
		{379250B8-AFCE-4AEE-B95B-E666540DB3B5}.Release|iPhoneSimulator.ActiveCfg = Release|iPhoneSimulator
		{379250B8-AFCE-4AEE-B95B-E666540DB3B5}.Release|iPhoneSimulator.Build.0 = Release|iPhoneSimulator
		{379250B8-AFCE-4AEE-B95B-E666540DB3B5}.Release|iPhoneSimulator.Deploy.0 = Release|iPhoneSimulator
		{2270CC7E-8AFB-4992-8CB5-8245E957B55A}.Debug|Any CPU.ActiveCfg = Debug|Any CPU
		{2270CC7E-8AFB-4992-8CB5-8245E957B55A}.Debug|Any CPU.Build.0 = Debug|Any CPU
		{2270CC7E-8AFB-4992-8CB5-8245E957B55A}.Debug|Any CPU.Deploy.0 = Debug|Any CPU
		{2270CC7E-8AFB-4992-8CB5-8245E957B55A}.Debug|iPhone.ActiveCfg = Debug|Any CPU
		{2270CC7E-8AFB-4992-8CB5-8245E957B55A}.Debug|iPhone.Build.0 = Debug|Any CPU
		{2270CC7E-8AFB-4992-8CB5-8245E957B55A}.Debug|iPhone.Deploy.0 = Debug|Any CPU
		{2270CC7E-8AFB-4992-8CB5-8245E957B55A}.Debug|iPhoneSimulator.ActiveCfg = Debug|Any CPU
		{2270CC7E-8AFB-4992-8CB5-8245E957B55A}.Debug|iPhoneSimulator.Build.0 = Debug|Any CPU
		{2270CC7E-8AFB-4992-8CB5-8245E957B55A}.Debug|iPhoneSimulator.Deploy.0 = Debug|Any CPU
		{2270CC7E-8AFB-4992-8CB5-8245E957B55A}.Release|Any CPU.ActiveCfg = Release|Any CPU
		{2270CC7E-8AFB-4992-8CB5-8245E957B55A}.Release|Any CPU.Build.0 = Release|Any CPU
		{2270CC7E-8AFB-4992-8CB5-8245E957B55A}.Release|Any CPU.Deploy.0 = Release|Any CPU
		{2270CC7E-8AFB-4992-8CB5-8245E957B55A}.Release|iPhone.ActiveCfg = Release|Any CPU
		{2270CC7E-8AFB-4992-8CB5-8245E957B55A}.Release|iPhone.Build.0 = Release|Any CPU
		{2270CC7E-8AFB-4992-8CB5-8245E957B55A}.Release|iPhone.Deploy.0 = Release|Any CPU
		{2270CC7E-8AFB-4992-8CB5-8245E957B55A}.Release|iPhoneSimulator.ActiveCfg = Release|Any CPU
		{2270CC7E-8AFB-4992-8CB5-8245E957B55A}.Release|iPhoneSimulator.Build.0 = Release|Any CPU
		{2270CC7E-8AFB-4992-8CB5-8245E957B55A}.Release|iPhoneSimulator.Deploy.0 = Release|Any CPU
	EndGlobalSection
	GlobalSection(SolutionProperties) = preSolution
		HideSolutionNode = FALSE
	EndGlobalSection
	GlobalSection(ExtensibilityGlobals) = postSolution
		SolutionGuid = {2BCD067E-438C-4595-A38A-6729B075A1F4}
	EndGlobalSection
EndGlobal
